lockfileVersion: '9.0'

settings:
  autoInstallPeers: true
  excludeLinksFromLockfile: false

importers:

  .:
    dependencies:
      mongodb:
        specifier: ^6.20.0
        version: 6.20.0(socks@2.8.4)
      pino:
        specifier: ^10.3.1
        version: 10.3.1
      socks-proxy-agent:
        specifier: ^8.0.5
        version: 8.0.5
      telegraf:
        specifier: ^3.40.0
        version: 3.40.0
    devDependencies:
      '@types/node':
        specifier: ^25.5.0
        version: 25.5.0
      '@typescript/native-preview':
        specifier: ^7.0.0-dev.20260331.1
        version: 7.0.0-dev.20260331.1

packages:

  '@mongodb-js/saslprep@1.3.1':
    resolution: {integrity: sha512-6nZrq5kfAz0POWyhljnbWQQJQ5uT8oE2ddX303q1uY0tWsivWKgBDXBBvuFPwOqRRalXJuVO9EjOdVtuhLX0zg==}

  '@pinojs/redact@0.4.0':
    resolution: {integrity: sha512-k2ENnmBugE/rzQfEcdWHcCY+/FM3VLzH9cYEsbdsoqrvzAKRhUZeRNhAZvB8OitQJ1TBed3yqWtdjzS6wJKBwg==}

  '@types/node@25.5.0':
    resolution: {integrity: sha512-jp2P3tQMSxWugkCUKLRPVUpGaL5MVFwF8RDuSRztfwgN1wmqJeMSbKlnEtQqU8UrhTmzEmZdu2I6v2dpp7XIxw==}

  '@types/webidl-conversions@7.0.3':
    resolution: {integrity: sha512-CiJJvcRtIgzadHCYXw7dqEnMNRjhGZlYK05Mj9OyktqV8uVT8fD2BFOB7S1uwBE3Kj2Z+4UyPmFw/Ixgw/LAlA==}

  '@types/whatwg-url@11.0.5':
    resolution: {integrity: sha512-coYR071JRaHa+xoEvvYqvnIHaVqaYrLPbsufM9BF63HkwI5Lgmy2QR8Q5K/lYDYo5AK82wOvSOS0UsLTpTG7uQ==}

  '@typescript/native-preview-darwin-arm64@7.0.0-dev.20260331.1':
    resolution: {integrity: sha512-1PRnBCN2csiCzj76YaSBtP4jPLEGBUmVhXHplC+yHOKaxx9nf3HFiFCg/19raInvN/lJ8+Bp1fZ/qIsWAAHiBw==}
    cpu: [arm64]
    os: [darwin]

  '@typescript/native-preview-darwin-x64@7.0.0-dev.20260331.1':
    resolution: {integrity: sha512-llXnfLGjl+gXsANLD7UI/gSb3lj7aZW13Rf8sVXQnHJ3/dkJRAm/MgLqdjuuyvYq3pFaleiep+zoLd96rLRqUw==}
    cpu: [x64]
    os: [darwin]

  '@typescript/native-preview-linux-arm64@7.0.0-dev.20260331.1':
    resolution: {integrity: sha512-sH5gALi89jl5ZjAL/UsLDPsjT/nCLRfHl/pw86ablRX10tYsJhJ/RD6J/cl3g39kJ18tIISSbsuIBn+ncanfSA==}
    cpu: [arm64]
    os: [linux]

  '@typescript/native-preview-linux-arm@7.0.0-dev.20260331.1':
    resolution: {integrity: sha512-+8AZzA0BRjMkLDvdQKZOMuheRxNGpSWn7sOtoKqo70R915D0TyEynEXX6B7/aw3+Jfn1H5hLRiBjxoVsmdKENw==}
    cpu: [arm]
    os: [linux]

  '@typescript/native-preview-linux-x64@7.0.0-dev.20260331.1':
    resolution: {integrity: sha512-Yic6MYfX7Uit5jLLENzWFIi6tjp4LTLF37KBiVaHZSvEFyX1kqVwu4j9WNeaz81O6fcB/1dZ1MrILgfcqalNBg==}
    cpu: [x64]
    os: [linux]

  '@typescript/native-preview-win32-arm64@7.0.0-dev.20260331.1':
    resolution: {integrity: sha512-vGxK6gtGF97zSx9wOpiVME3h9v0tbZbrHHdKA+fLFNvDV0Df8ud89DEePL7l2yKnVVmf0OnjJy6sYoVyj+LIPA==}
    cpu: [arm64]
    os: [win32]

  '@typescript/native-preview-win32-x64@7.0.0-dev.20260331.1':
    resolution: {integrity: sha512-oJnNiU9UTDPJp6dOmOUW+/Wzt3MQZXIHsDaU4qM0RiAjFE6S+PIX8s5z/ID0orr4MMroUMiLdolL4OVZolNDSw==}
    cpu: [x64]
    os: [win32]

  '@typescript/native-preview@7.0.0-dev.20260331.1':
    resolution: {integrity: sha512-Gfy2J/LhydkOHOw+ZWRw0M8Xl3O2bzQXLXIYITdMz2N4GpMm8misAvvCzhqMacOGvazKr1FsL9LIIW2kxk6kzw==}
    hasBin: true

  agent-base@7.1.3:
    resolution: {integrity: sha512-jRR5wdylq8CkOe6hei19GGZnxM6rBGwFl3Bg0YItGDimvjGtAvdZk4Pu6Cl4u4Igsws4a1fd1Vq3ezrhn4KmFw==}
    engines: {node: '>= 14'}

  atomic-sleep@1.0.0:
    resolution: {integrity: sha512-kNOjDqAh7px0XWNI+4QbzoiR/nTkHAWNud2uvnJquD1/x5a7EQZMJT0AczqK0Qn67oY/TTQ1LbUKajZpp3I9tQ==}
    engines: {node: '>=8.0.0'}

  bson@6.10.4:
    resolution: {integrity: sha512-WIsKqkSC0ABoBJuT1LEX+2HEvNmNKKgnTAyd0fL8qzK4SH2i9NXg+t08YtdZp/V9IZ33cxe3iV4yM0qg8lMQng==}
    engines: {node: '>=16.20.1'}

  debug@4.3.4:
    resolution: {integrity: sha512-PRWFHuSU3eDtQJPvnNY7Jcket1j0t5OuOsFzPPzsekD52Zl8qUfFIPEiswXqIvHWGVHOgX+7G/vCNNhehwxfkQ==}
    engines: {node: '>=6.0'}
    peerDependencies:
      supports-color: '*'
    peerDependenciesMeta:
      supports-color:
        optional: true

  ip-address@9.0.5:
    resolution: {integrity: sha512-zHtQzGojZXTwZTHQqra+ETKd4Sn3vgi7uBmlPoXVWZqYvuKmtI0l/VZTjqGmJY9x88GGOaZ9+G9ES8hC4T4X8g==}
    engines: {node: '>= 12'}

  jsbn@1.1.0:
    resolution: {integrity: sha512-4bYVV3aAMtDTTu4+xsDYa6sy9GyJ69/amsu9sYF2zqjiEoZA5xJi3BrfX3uY+/IekIu7MwdObdbDWpoZdBv3/A==}

  memory-pager@1.5.0:
    resolution: {integrity: sha512-ZS4Bp4r/Zoeq6+NLJpP+0Zzm0pR8whtGPf1XExKLJBAczGMnSi3It14OiNCStjQjM6NU1okjQGSxgEZN8eBYKg==}

  minimist@1.2.8:
    resolution: {integrity: sha512-2yyAR8qBkN3YuheJanUpWC5U3bb5osDywNB8RzDVlDwDHbocAJveqqj1u8+SVD7jkWT4yvsHCpWqqWqAxb0zCA==}

  module-alias@2.2.2:
    resolution: {integrity: sha512-A/78XjoX2EmNvppVWEhM2oGk3x4lLxnkEA4jTbaK97QKSDjkIoOsKQlfylt/d3kKKi596Qy3NP5XrXJ6fZIC9Q==}

  mongodb-connection-string-url@3.0.2:
    resolution: {integrity: sha512-rMO7CGo/9BFwyZABcKAWL8UJwH/Kc2x0g72uhDWzG48URRax5TCIcJ7Rc3RZqffZzO/Gwff/jyKwCU9TN8gehA==}

  mongodb@6.20.0:
    resolution: {integrity: sha512-Tl6MEIU3K4Rq3TSHd+sZQqRBoGlFsOgNrH5ltAcFBV62Re3Fd+FcaVf8uSEQFOJ51SDowDVttBTONMfoYWrWlQ==}
    engines: {node: '>=16.20.1'}
    peerDependencies:
      '@aws-sdk/credential-providers': ^3.188.0
      '@mongodb-js/zstd': ^1.1.0 || ^2.0.0
      gcp-metadata: ^5.2.0
      kerberos: ^2.0.1
      mongodb-client-encryption: '>=6.0.0 <7'
      snappy: ^7.3.2
      socks: ^2.7.1
    peerDependenciesMeta:
      '@aws-sdk/credential-providers':
        optional: true
      '@mongodb-js/zstd':
        optional: true
      gcp-metadata:
        optional: true
      kerberos:
        optional: true
      mongodb-client-encryption:
        optional: true
      snappy:
        optional: true
      socks:
        optional: true

  ms@2.1.2:
    resolution: {integrity: sha512-sGkPx+VjMtmA6MX27oA4FBFELFCZZ4S4XqeGOXCv68tT+jb3vk/RyaKWP0PTKyWtmLSM0b+adUTEvbs1PEaH2w==}

  node-fetch@2.6.9:
    resolution: {integrity: sha512-DJm/CJkZkRjKKj4Zi4BsKVZh3ValV5IR5s7LVZnW+6YMh0W1BfNA8XSs6DLMGYlId5F3KnA70uu2qepcR08Qqg==}
    engines: {node: 4.x || >=6.0.0}
    peerDependencies:
      encoding: ^0.1.0
    peerDependenciesMeta:
      encoding:
        optional: true

  on-exit-leak-free@2.1.2:
    resolution: {integrity: sha512-0eJJY6hXLGf1udHwfNftBqH+g73EU4B504nZeKpz1sYRKafAghwxEJunB2O7rDZkL4PGfsMVnTXZ2EjibbqcsA==}
    engines: {node: '>=14.0.0'}

  pino-abstract-transport@3.0.0:
    resolution: {integrity: sha512-wlfUczU+n7Hy/Ha5j9a/gZNy7We5+cXp8YL+X+PG8S0KXxw7n/JXA3c46Y0zQznIJ83URJiwy7Lh56WLokNuxg==}

  pino-std-serializers@7.1.0:
    resolution: {integrity: sha512-BndPH67/JxGExRgiX1dX0w1FvZck5Wa4aal9198SrRhZjH3GxKQUKIBnYJTdj2HDN3UQAS06HlfcSbQj2OHmaw==}

  pino@10.3.1:
    resolution: {integrity: sha512-r34yH/GlQpKZbU1BvFFqOjhISRo1MNx1tWYsYvmj6KIRHSPMT2+yHOEb1SG6NMvRoHRF0a07kCOox/9yakl1vg==}
    hasBin: true

  process-warning@5.0.0:
    resolution: {integrity: sha512-a39t9ApHNx2L4+HBnQKqxxHNs1r7KF+Intd8Q/g1bUh6q0WIp9voPXJ/x0j+ZL45KF1pJd9+q2jLIRMfvEshkA==}

  punycode@2.3.1:
    resolution: {integrity: sha512-vYt7UD1U9Wg6138shLtLOvdAu+8DsC/ilFtEVHcH+wydcSpNE20AfSOduf6MkRFahL5FY7X1oU7nKVZFtfq8Fg==}
    engines: {node: '>=6'}

  quick-format-unescaped@4.0.4:
    resolution: {integrity: sha512-tYC1Q1hgyRuHgloV/YXs2w15unPVh8qfu/qCTfhTYamaw7fyhumKa2yGpdSo87vY32rIclj+4fWYQXUMs9EHvg==}

  real-require@0.2.0:
    resolution: {integrity: sha512-57frrGM/OCTLqLOAh0mhVA9VBMHd+9U7Zb2THMGdBUoZVOtGbJzjxsYGDJ3A9AYYCP4hn6y1TVbaOfzWtm5GFg==}
    engines: {node: '>= 12.13.0'}

  safe-stable-stringify@2.5.0:
    resolution: {integrity: sha512-b3rppTKm9T+PsVCBEOUR46GWI7fdOs00VKZ1+9c1EWDaDMvjQc6tUwuFyIprgGgTcWoVHSKrU8H31ZHA2e0RHA==}
    engines: {node: '>=10'}

  sandwich-stream@2.0.2:
    resolution: {integrity: sha512-jLYV0DORrzY3xaz/S9ydJL6Iz7essZeAfnAavsJ+zsJGZ1MOnsS52yRjU3uF3pJa/lla7+wisp//fxOwOH8SKQ==}
    engines: {node: '>= 0.10'}

  smart-buffer@4.2.0:
    resolution: {integrity: sha512-94hK0Hh8rPqQl2xXc3HsaBoOXKV20MToPkcXvwbISWLEs+64sBq5kFgn2kJDHb1Pry9yrP0dxrCI9RRci7RXKg==}
    engines: {node: '>= 6.0.0', npm: '>= 3.0.0'}

  socks-proxy-agent@8.0.5:
    resolution: {integrity: sha512-HehCEsotFqbPW9sJ8WVYB6UbmIMv7kUUORIF2Nncq4VQvBfNBLibW9YZR5dlYCSUhwcD628pRllm7n+E+YTzJw==}
    engines: {node: '>= 14'}

  socks@2.8.4:
    resolution: {integrity: sha512-D3YaD0aRxR3mEcqnidIs7ReYJFVzWdd6fXJYUM8ixcQcJRGTka/b3saV0KflYhyVJXKhb947GndU35SxYNResQ==}
    engines: {node: '>= 10.0.0', npm: '>= 3.0.0'}

  sonic-boom@4.2.1:
    resolution: {integrity: sha512-w6AxtubXa2wTXAUsZMMWERrsIRAdrK0Sc+FUytWvYAhBJLyuI4llrMIC1DtlNSdI99EI86KZum2MMq3EAZlF9Q==}

  sparse-bitfield@3.0.3:
    resolution: {integrity: sha512-kvzhi7vqKTfkh0PZU+2D2PIllw2ymqJKujUcyPMd9Y75Nv4nPbGJZXNhxsgdQab2BmlDct1YnfQCguEvHr7VsQ==}

  split2@4.2.0:
    resolution: {integrity: sha512-UcjcJOWknrNkF6PLX83qcHM6KHgVKNkV62Y8a5uYDVv9ydGQVwAHMKqHdJje1VTWpljG0WYpCDhrCdAOYH4TWg==}
    engines: {node: '>= 10.x'}

  sprintf-js@1.1.3:
    resolution: {integrity: sha512-Oo+0REFV59/rz3gfJNKQiBlwfHaSESl1pcGyABQsnnIfWOFt6JNj5gCog2U6MLZ//IGYD+nA8nI+mTShREReaA==}

  telegraf@3.40.0:
    resolution: {integrity: sha512-wulVjRHrX2zQwbk1/jzg3Ll9Kr0xC7ofXsRPJgcV2yoCFx5oSU41ZaDKNRPsLhjXxW4s9iNM2S2N/ESyiZxTMQ==}
    engines: {node: '>=10'}
    hasBin: true

  thread-stream@4.0.0:
    resolution: {integrity: sha512-4iMVL6HAINXWf1ZKZjIPcz5wYaOdPhtO8ATvZ+Xqp3BTdaqtAwQkNmKORqcIo5YkQqGXq5cwfswDwMqqQNrpJA==}
    engines: {node: '>=20'}

  tr46@0.0.3:
    resolution: {integrity: sha512-N3WMsuqV66lT30CrXNbEjx4GEwlow3v6rr4mCcv6prnfwhS01rkgyFdjPNBYd9br7LpXV1+Emh01fHnq2Gdgrw==}

  tr46@5.0.0:
    resolution: {integrity: sha512-tk2G5R2KRwBd+ZN0zaEXpmzdKyOYksXwywulIX95MBODjSzMIuQnQ3m8JxgbhnL1LeVo7lqQKsYa1O3Htl7K5g==}
    engines: {node: '>=18'}

  typegram@3.12.0:
    resolution: {integrity: sha512-/VrU0sJv8BdOsBIpYT4w35C7dPg5YyKP6fLiYN9qYXRZ86TVIiw0ZypkzElTAfDVsJtJSluGAufUrcX7VRSIYQ==}

  undici-types@7.18.2:
    resolution: {integrity: sha512-AsuCzffGHJybSaRrmr5eHr81mwJU3kjw6M+uprWvCXiNeN9SOGwQ3Jn8jb8m3Z6izVgknn1R0FTCEAP2QrLY/w==}

  webidl-conversions@3.0.1:
    resolution: {integrity: sha512-2JAn3z8AR6rjK8Sm8orRC0h/bcl/DqL7tRPdGZ4I1CjdF+EaMLmYxBHyXuKL849eucPFhvBoxMsflfOb8kxaeQ==}

  webidl-conversions@7.0.0:
    resolution: {integrity: sha512-VwddBukDzu71offAQR975unBIGqfKZpM+8ZX6ySk8nYhVoo5CYaZyzt3YBvYtRtO+aoGlqxPg/B87NGVZ/fu6g==}
    engines: {node: '>=12'}

  whatwg-url@14.1.1:
    resolution: {integrity: sha512-mDGf9diDad/giZ/Sm9Xi2YcyzaFpbdLpJPr+E9fSkyQ7KpQD4SdFcugkRQYzhmfI4KeV4Qpnn2sKPdo+kmsgRQ==}
    engines: {node: '>=18'}

  whatwg-url@5.0.0:
    resolution: {integrity: sha512-saE57nupxk6v3HY35+jzBwYa0rKSy0XR8JSxZPwgLr7ys0IBzhGviA1/TUGJLmSVqs8pb9AnvICXEuOHLprYTw==}

snapshots:

  '@mongodb-js/saslprep@1.3.1':
    dependencies:
      sparse-bitfield: 3.0.3

  '@pinojs/redact@0.4.0': {}

  '@types/node@25.5.0':
    dependencies:
      undici-types: 7.18.2

  '@types/webidl-conversions@7.0.3': {}

  '@types/whatwg-url@11.0.5':
    dependencies:
      '@types/webidl-conversions': 7.0.3

  '@typescript/native-preview-darwin-arm64@7.0.0-dev.20260331.1':
    optional: true

  '@typescript/native-preview-darwin-x64@7.0.0-dev.20260331.1':
    optional: true

  '@typescript/native-preview-linux-arm64@7.0.0-dev.20260331.1':
    optional: true

  '@typescript/native-preview-linux-arm@7.0.0-dev.20260331.1':
    optional: true

  '@typescript/native-preview-linux-x64@7.0.0-dev.20260331.1':
    optional: true

  '@typescript/native-preview-win32-arm64@7.0.0-dev.20260331.1':
    optional: true

  '@typescript/native-preview-win32-x64@7.0.0-dev.20260331.1':
    optional: true

  '@typescript/native-preview@7.0.0-dev.20260331.1':
    optionalDependencies:
      '@typescript/native-preview-darwin-arm64': 7.0.0-dev.20260331.1
      '@typescript/native-preview-darwin-x64': 7.0.0-dev.20260331.1
      '@typescript/native-preview-linux-arm': 7.0.0-dev.20260331.1
      '@typescript/native-preview-linux-arm64': 7.0.0-dev.20260331.1
      '@typescript/native-preview-linux-x64': 7.0.0-dev.20260331.1
      '@typescript/native-preview-win32-arm64': 7.0.0-dev.20260331.1
      '@typescript/native-preview-win32-x64': 7.0.0-dev.20260331.1

  agent-base@7.1.3: {}

  atomic-sleep@1.0.0: {}

  bson@6.10.4: {}

  debug@4.3.4:
    dependencies:
      ms: 2.1.2

  ip-address@9.0.5:
    dependencies:
      jsbn: 1.1.0
      sprintf-js: 1.1.3

  jsbn@1.1.0: {}

  memory-pager@1.5.0: {}

  minimist@1.2.8: {}

  module-alias@2.2.2: {}

  mongodb-connection-string-url@3.0.2:
    dependencies:
      '@types/whatwg-url': 11.0.5
      whatwg-url: 14.1.1

  mongodb@6.20.0(socks@2.8.4):
    dependencies:
      '@mongodb-js/saslprep': 1.3.1
      bson: 6.10.4
      mongodb-connection-string-url: 3.0.2
    optionalDependencies:
      socks: 2.8.4

  ms@2.1.2: {}

  node-fetch@2.6.9:
    dependencies:
      whatwg-url: 5.0.0

  on-exit-leak-free@2.1.2: {}

  pino-abstract-transport@3.0.0:
    dependencies:
      split2: 4.2.0

  pino-std-serializers@7.1.0: {}

  pino@10.3.1:
    dependencies:
      '@pinojs/redact': 0.4.0
      atomic-sleep: 1.0.0
      on-exit-leak-free: 2.1.2
      pino-abstract-transport: 3.0.0
      pino-std-serializers: 7.1.0
      process-warning: 5.0.0
      quick-format-unescaped: 4.0.4
      real-require: 0.2.0
      safe-stable-stringify: 2.5.0
      sonic-boom: 4.2.1
      thread-stream: 4.0.0

  process-warning@5.0.0: {}

  punycode@2.3.1: {}

  quick-format-unescaped@4.0.4: {}

  real-require@0.2.0: {}

  safe-stable-stringify@2.5.0: {}

  sandwich-stream@2.0.2: {}

  smart-buffer@4.2.0: {}

  socks-proxy-agent@8.0.5:
    dependencies:
      agent-base: 7.1.3
      debug: 4.3.4
      socks: 2.8.4
    transitivePeerDependencies:
      - supports-color

  socks@2.8.4:
    dependencies:
      ip-address: 9.0.5
      smart-buffer: 4.2.0

  sonic-boom@4.2.1:
    dependencies:
      atomic-sleep: 1.0.0

  sparse-bitfield@3.0.3:
    dependencies:
      memory-pager: 1.5.0

  split2@4.2.0: {}

  sprintf-js@1.1.3: {}

  telegraf@3.40.0:
    dependencies:
      debug: 4.3.4
      minimist: 1.2.8
      module-alias: 2.2.2
      node-fetch: 2.6.9
      sandwich-stream: 2.0.2
      typegram: 3.12.0
    transitivePeerDependencies:
      - encoding
      - supports-color

  thread-stream@4.0.0:
    dependencies:
      real-require: 0.2.0

  tr46@0.0.3: {}

  tr46@5.0.0:
    dependencies:
      punycode: 2.3.1

  typegram@3.12.0: {}

  undici-types@7.18.2: {}

  webidl-conversions@3.0.1: {}

  webidl-conversions@7.0.0: {}

  whatwg-url@14.1.1:
    dependencies:
      tr46: 5.0.0
      webidl-conversions: 7.0.0

  whatwg-url@5.0.0:
    dependencies:
      tr46: 0.0.3
      webidl-conversions: 3.0.1
